
Microsoft Visual Studio Solution File, Format Version 12.00
# Visual Studio Version 16
VisualStudioVersion = 16.0.31613.86
MinimumVisualStudioVersion = 10.0.40219.1
Project("{FAE04EC0-301F-11D3-BF4B-00C04F79EFBC}") = "Chart_ex", "Chart_ex\Chart_ex.csproj", "{B6AC4470-B002-4F78-88E3-1E8CE443331F}"
EndProject
Global
	GlobalSection(SolutionConfigurationPlatforms) = preSolution
		Debug|Any CPU = Debug|Any CPU
		Release|Any CPU = Release|Any CPU
	EndGlobalSection
	GlobalSection(ProjectConfigurationPlatforms) = postSolution
		{B6AC4470-B002-4F78-88E3-1E8CE443331F}.Debug|Any CPU.ActiveCfg = Debug|Any CPU
		{B6AC4470-B002-4F78-88E3-1E8CE443331F}.Debug|Any CPU.Build.0 = Debug|Any CPU
		{B6AC4470-B002-4F78-88E3-1E8CE443331F}.Release|Any CPU.ActiveCfg = Release|Any CPU
		{B6AC4470-B002-4F78-88E3-1E8CE443331F}.Release|Any CPU.Build.0 = Release|Any CPU
	EndGlobalSection
	GlobalSection(SolutionProperties) = preSolution
		HideSolutionNode = FALSE
	EndGlobalSection
	GlobalSection(ExtensibilityGlobals) = postSolution
		SolutionGuid = {7670277C-48F1-4697-BBF5-ED7ACCBF09D5}
	EndGlobalSection
EndGlobal
