
Microsoft Visual Studio Solution File, Format Version 12.00
# Visual Studio Version 16
VisualStudioVersion = 16.0.31729.503
MinimumVisualStudioVersion = 10.0.40219.1
Project("{FAE04EC0-301F-11D3-BF4B-00C04F79EFBC}") = "EF_CodeFirstNewDB", "EF_CodeFirstNewDB\EF_CodeFirstNewDB.csproj", "{EFF5C632-A559-4F35-9DE9-F2A49F387A79}"
EndProject
Global
	GlobalSection(SolutionConfigurationPlatforms) = preSolution
		Debug|Any CPU = Debug|Any CPU
		Release|Any CPU = Release|Any CPU
	EndGlobalSection
	GlobalSection(ProjectConfigurationPlatforms) = postSolution
		{EFF5C632-A559-4F35-9DE9-F2A49F387A79}.Debug|Any CPU.ActiveCfg = Debug|Any CPU
		{EFF5C632-A559-4F35-9DE9-F2A49F387A79}.Debug|Any CPU.Build.0 = Debug|Any CPU
		{EFF5C632-A559-4F35-9DE9-F2A49F387A79}.Release|Any CPU.ActiveCfg = Release|Any CPU
		{EFF5C632-A559-4F35-9DE9-F2A49F387A79}.Release|Any CPU.Build.0 = Release|Any CPU
	EndGlobalSection
	GlobalSection(SolutionProperties) = preSolution
		HideSolutionNode = FALSE
	EndGlobalSection
	GlobalSection(ExtensibilityGlobals) = postSolution
		SolutionGuid = {1F623A29-8D84-4EC5-A05F-8ED5A3C93935}
	EndGlobalSection
EndGlobal
