
Microsoft Visual Studio Solution File, Format Version 12.00
# Visual Studio Version 16
VisualStudioVersion = 16.0.31515.178
MinimumVisualStudioVersion = 10.0.40219.1
Project("{FAE04EC0-301F-11D3-BF4B-00C04F79EFBC}") = "MVC_Login_ex", "MVC_Login_ex\MVC_Login_ex.csproj", "{D641619E-976E-4EEE-87D6-2EEC1888DC68}"
EndProject
Global
	GlobalSection(SolutionConfigurationPlatforms) = preSolution
		Debug|Any CPU = Debug|Any CPU
		Release|Any CPU = Release|Any CPU
	EndGlobalSection
	GlobalSection(ProjectConfigurationPlatforms) = postSolution
		{D641619E-976E-4EEE-87D6-2EEC1888DC68}.Debug|Any CPU.ActiveCfg = Debug|Any CPU
		{D641619E-976E-4EEE-87D6-2EEC1888DC68}.Debug|Any CPU.Build.0 = Debug|Any CPU
		{D641619E-976E-4EEE-87D6-2EEC1888DC68}.Release|Any CPU.ActiveCfg = Release|Any CPU
		{D641619E-976E-4EEE-87D6-2EEC1888DC68}.Release|Any CPU.Build.0 = Release|Any CPU
	EndGlobalSection
	GlobalSection(SolutionProperties) = preSolution
		HideSolutionNode = FALSE
	EndGlobalSection
	GlobalSection(ExtensibilityGlobals) = postSolution
		SolutionGuid = {F073F38E-B927-4F3D-AFCD-B8B13EA27EF1}
	EndGlobalSection
EndGlobal
